
Microsoft Visual Studio Solution File, Format Version 12.00
# Visual Studio Version 17
VisualStudioVersion = 17.13.35825.156
MinimumVisualStudioVersion = 10.0.40219.1
Project("{8BC9CEB8-8B4A-11D0-8D11-00A0C91BC942}") = "ch01", "ch01\ch01.vcxproj", "{CBB1FF74-67CC-4FCC-9F45-B5CF6C1E152C}"
EndProject
Project("{8BC9CEB8-8B4A-11D0-8D11-00A0C91BC942}") = "ch02", "ch02\ch02.vcxproj", "{98056F26-270E-488F-8C2A-10B69208CF98}"
EndProject
Project("{8BC9CEB8-8B4A-11D0-8D11-00A0C91BC942}") = "ch03", "ch03\ch03.vcxproj", "{0992F78F-9002-44EF-9ECC-E0E8DE9027AB}"
EndProject
Project("{8BC9CEB8-8B4A-11D0-8D11-00A0C91BC942}") = "ch04", "ch04\ch04.vcxproj", "{1CCB3F1A-3975-4537-849F-38A9AA96F5F5}"
EndProject
Project("{8BC9CEB8-8B4A-11D0-8D11-00A0C91BC942}") = "ch05", "ch05\ch05.vcxproj", "{A85C6648-2A30-49FC-85D0-7086BA3E943A}"
EndProject
Project("{8BC9CEB8-8B4A-11D0-8D11-00A0C91BC942}") = "ch06", "ch06\ch06.vcxproj", "{482A87E9-F677-40E4-95E5-AD01D2B91EC3}"
EndProject
Project("{8BC9CEB8-8B4A-11D0-8D11-00A0C91BC942}") = "chapter10_test", "chapter10\chapter10.vcxproj", "{985B7316-82BC-4F74-9892-24E8509BFBCA}"
EndProject
Project("{8BC9CEB8-8B4A-11D0-8D11-00A0C91BC942}") = "ch07", "ch07\ch07.vcxproj", "{3F01E97E-7BB4-41FE-908A-F5E2AFF2266E}"
EndProject
Project("{8BC9CEB8-8B4A-11D0-8D11-00A0C91BC942}") = "ch10", "ch10\ch10.vcxproj", "{925FBD54-EBF7-4C5B-96FF-110159DC6DBD}"
EndProject
Project("{8BC9CEB8-8B4A-11D0-8D11-00A0C91BC942}") = "chapter09", "chapter09\chapter09.vcxproj", "{EEEE0916-D12C-43B0-ADBA-7DC2E70467B2}"
EndProject
Global
	GlobalSection(SolutionConfigurationPlatforms) = preSolution
		Debug|x64 = Debug|x64
		Debug|x86 = Debug|x86
		Release|x64 = Release|x64
		Release|x86 = Release|x86
	EndGlobalSection
	GlobalSection(ProjectConfigurationPlatforms) = postSolution
		{CBB1FF74-67CC-4FCC-9F45-B5CF6C1E152C}.Debug|x64.ActiveCfg = Debug|x64
		{CBB1FF74-67CC-4FCC-9F45-B5CF6C1E152C}.Debug|x64.Build.0 = Debug|x64
		{CBB1FF74-67CC-4FCC-9F45-B5CF6C1E152C}.Debug|x86.ActiveCfg = Debug|Win32
		{CBB1FF74-67CC-4FCC-9F45-B5CF6C1E152C}.Debug|x86.Build.0 = Debug|Win32
		{CBB1FF74-67CC-4FCC-9F45-B5CF6C1E152C}.Release|x64.ActiveCfg = Release|x64
		{CBB1FF74-67CC-4FCC-9F45-B5CF6C1E152C}.Release|x64.Build.0 = Release|x64
		{CBB1FF74-67CC-4FCC-9F45-B5CF6C1E152C}.Release|x86.ActiveCfg = Release|Win32
		{CBB1FF74-67CC-4FCC-9F45-B5CF6C1E152C}.Release|x86.Build.0 = Release|Win32
		{98056F26-270E-488F-8C2A-10B69208CF98}.Debug|x64.ActiveCfg = Debug|x64
		{98056F26-270E-488F-8C2A-10B69208CF98}.Debug|x64.Build.0 = Debug|x64
		{98056F26-270E-488F-8C2A-10B69208CF98}.Debug|x86.ActiveCfg = Debug|Win32
		{98056F26-270E-488F-8C2A-10B69208CF98}.Debug|x86.Build.0 = Debug|Win32
		{98056F26-270E-488F-8C2A-10B69208CF98}.Release|x64.ActiveCfg = Release|x64
		{98056F26-270E-488F-8C2A-10B69208CF98}.Release|x64.Build.0 = Release|x64
		{98056F26-270E-488F-8C2A-10B69208CF98}.Release|x86.ActiveCfg = Release|Win32
		{98056F26-270E-488F-8C2A-10B69208CF98}.Release|x86.Build.0 = Release|Win32
		{0992F78F-9002-44EF-9ECC-E0E8DE9027AB}.Debug|x64.ActiveCfg = Debug|x64
		{0992F78F-9002-44EF-9ECC-E0E8DE9027AB}.Debug|x64.Build.0 = Debug|x64
		{0992F78F-9002-44EF-9ECC-E0E8DE9027AB}.Debug|x86.ActiveCfg = Debug|Win32
		{0992F78F-9002-44EF-9ECC-E0E8DE9027AB}.Debug|x86.Build.0 = Debug|Win32
		{0992F78F-9002-44EF-9ECC-E0E8DE9027AB}.Release|x64.ActiveCfg = Release|x64
		{0992F78F-9002-44EF-9ECC-E0E8DE9027AB}.Release|x64.Build.0 = Release|x64
		{0992F78F-9002-44EF-9ECC-E0E8DE9027AB}.Release|x86.ActiveCfg = Release|Win32
		{0992F78F-9002-44EF-9ECC-E0E8DE9027AB}.Release|x86.Build.0 = Release|Win32
		{1CCB3F1A-3975-4537-849F-38A9AA96F5F5}.Debug|x64.ActiveCfg = Debug|x64
		{1CCB3F1A-3975-4537-849F-38A9AA96F5F5}.Debug|x64.Build.0 = Debug|x64
		{1CCB3F1A-3975-4537-849F-38A9AA96F5F5}.Debug|x86.ActiveCfg = Debug|Win32
		{1CCB3F1A-3975-4537-849F-38A9AA96F5F5}.Debug|x86.Build.0 = Debug|Win32
		{1CCB3F1A-3975-4537-849F-38A9AA96F5F5}.Release|x64.ActiveCfg = Release|x64
		{1CCB3F1A-3975-4537-849F-38A9AA96F5F5}.Release|x64.Build.0 = Release|x64
		{1CCB3F1A-3975-4537-849F-38A9AA96F5F5}.Release|x86.ActiveCfg = Release|Win32
		{1CCB3F1A-3975-4537-849F-38A9AA96F5F5}.Release|x86.Build.0 = Release|Win32
		{A85C6648-2A30-49FC-85D0-7086BA3E943A}.Debug|x64.ActiveCfg = Debug|x64
		{A85C6648-2A30-49FC-85D0-7086BA3E943A}.Debug|x64.Build.0 = Debug|x64
		{A85C6648-2A30-49FC-85D0-7086BA3E943A}.Debug|x86.ActiveCfg = Debug|Win32
		{A85C6648-2A30-49FC-85D0-7086BA3E943A}.Debug|x86.Build.0 = Debug|Win32
		{A85C6648-2A30-49FC-85D0-7086BA3E943A}.Release|x64.ActiveCfg = Release|x64
		{A85C6648-2A30-49FC-85D0-7086BA3E943A}.Release|x64.Build.0 = Release|x64
		{A85C6648-2A30-49FC-85D0-7086BA3E943A}.Release|x86.ActiveCfg = Release|Win32
		{A85C6648-2A30-49FC-85D0-7086BA3E943A}.Release|x86.Build.0 = Release|Win32
		{482A87E9-F677-40E4-95E5-AD01D2B91EC3}.Debug|x64.ActiveCfg = Debug|x64
		{482A87E9-F677-40E4-95E5-AD01D2B91EC3}.Debug|x64.Build.0 = Debug|x64
		{482A87E9-F677-40E4-95E5-AD01D2B91EC3}.Debug|x86.ActiveCfg = Debug|Win32
		{482A87E9-F677-40E4-95E5-AD01D2B91EC3}.Debug|x86.Build.0 = Debug|Win32
		{482A87E9-F677-40E4-95E5-AD01D2B91EC3}.Release|x64.ActiveCfg = Release|x64
		{482A87E9-F677-40E4-95E5-AD01D2B91EC3}.Release|x64.Build.0 = Release|x64
		{482A87E9-F677-40E4-95E5-AD01D2B91EC3}.Release|x86.ActiveCfg = Release|Win32
		{482A87E9-F677-40E4-95E5-AD01D2B91EC3}.Release|x86.Build.0 = Release|Win32
		{985B7316-82BC-4F74-9892-24E8509BFBCA}.Debug|x64.ActiveCfg = Debug|x64
		{985B7316-82BC-4F74-9892-24E8509BFBCA}.Debug|x64.Build.0 = Debug|x64
		{985B7316-82BC-4F74-9892-24E8509BFBCA}.Debug|x86.ActiveCfg = Debug|Win32
		{985B7316-82BC-4F74-9892-24E8509BFBCA}.Debug|x86.Build.0 = Debug|Win32
		{985B7316-82BC-4F74-9892-24E8509BFBCA}.Release|x64.ActiveCfg = Release|x64
		{985B7316-82BC-4F74-9892-24E8509BFBCA}.Release|x64.Build.0 = Release|x64
		{985B7316-82BC-4F74-9892-24E8509BFBCA}.Release|x86.ActiveCfg = Release|Win32
		{985B7316-82BC-4F74-9892-24E8509BFBCA}.Release|x86.Build.0 = Release|Win32
		{3F01E97E-7BB4-41FE-908A-F5E2AFF2266E}.Debug|x64.ActiveCfg = Debug|x64
		{3F01E97E-7BB4-41FE-908A-F5E2AFF2266E}.Debug|x64.Build.0 = Debug|x64
		{3F01E97E-7BB4-41FE-908A-F5E2AFF2266E}.Debug|x86.ActiveCfg = Debug|Win32
		{3F01E97E-7BB4-41FE-908A-F5E2AFF2266E}.Debug|x86.Build.0 = Debug|Win32
		{3F01E97E-7BB4-41FE-908A-F5E2AFF2266E}.Release|x64.ActiveCfg = Release|x64
		{3F01E97E-7BB4-41FE-908A-F5E2AFF2266E}.Release|x64.Build.0 = Release|x64
		{3F01E97E-7BB4-41FE-908A-F5E2AFF2266E}.Release|x86.ActiveCfg = Release|Win32
		{3F01E97E-7BB4-41FE-908A-F5E2AFF2266E}.Release|x86.Build.0 = Release|Win32
		{925FBD54-EBF7-4C5B-96FF-110159DC6DBD}.Debug|x64.ActiveCfg = Debug|x64
		{925FBD54-EBF7-4C5B-96FF-110159DC6DBD}.Debug|x64.Build.0 = Debug|x64
		{925FBD54-EBF7-4C5B-96FF-110159DC6DBD}.Debug|x86.ActiveCfg = Debug|Win32
		{925FBD54-EBF7-4C5B-96FF-110159DC6DBD}.Debug|x86.Build.0 = Debug|Win32
		{925FBD54-EBF7-4C5B-96FF-110159DC6DBD}.Release|x64.ActiveCfg = Release|x64
		{925FBD54-EBF7-4C5B-96FF-110159DC6DBD}.Release|x64.Build.0 = Release|x64
		{925FBD54-EBF7-4C5B-96FF-110159DC6DBD}.Release|x86.ActiveCfg = Release|Win32
		{925FBD54-EBF7-4C5B-96FF-110159DC6DBD}.Release|x86.Build.0 = Release|Win32
		{EEEE0916-D12C-43B0-ADBA-7DC2E70467B2}.Debug|x64.ActiveCfg = Debug|x64
		{EEEE0916-D12C-43B0-ADBA-7DC2E70467B2}.Debug|x64.Build.0 = Debug|x64
		{EEEE0916-D12C-43B0-ADBA-7DC2E70467B2}.Debug|x86.ActiveCfg = Debug|Win32
		{EEEE0916-D12C-43B0-ADBA-7DC2E70467B2}.Debug|x86.Build.0 = Debug|Win32
		{EEEE0916-D12C-43B0-ADBA-7DC2E70467B2}.Release|x64.ActiveCfg = Release|x64
		{EEEE0916-D12C-43B0-ADBA-7DC2E70467B2}.Release|x64.Build.0 = Release|x64
		{EEEE0916-D12C-43B0-ADBA-7DC2E70467B2}.Release|x86.ActiveCfg = Release|Win32
		{EEEE0916-D12C-43B0-ADBA-7DC2E70467B2}.Release|x86.Build.0 = Release|Win32
	EndGlobalSection
	GlobalSection(SolutionProperties) = preSolution
		HideSolutionNode = FALSE
	EndGlobalSection
	GlobalSection(ExtensibilityGlobals) = postSolution
		SolutionGuid = {379CD2D9-D11A-4C91-B193-324848276856}
	EndGlobalSection
EndGlobal
